
Microsoft Visual Studio Solution File, Format Version 12.00
# Visual Studio Version 17
VisualStudioVersion = 17.4.33213.308
MinimumVisualStudioVersion = 10.0.40219.1
Project("{9A19103F-16F7-4668-BE54-9A1E7A4F7556}") = "Individual Project - Eren Destan", "Individual Project - Eren Destan\Individual Project - Eren Destan.csproj", "{59F40E7C-B656-4E47-9CCC-81F7AB436B32}"
EndProject
Project("{9A19103F-16F7-4668-BE54-9A1E7A4F7556}") = "Domain", "Domain\Domain.csproj", "{638B445E-40CD-432F-9CA7-CED3B4752400}"
EndProject
Project("{FAE04EC0-301F-11D3-BF4B-00C04F79EFBC}") = "AdminPanelDesktop", "AdminPanelDesktop\AdminPanelDesktop.csproj", "{3FBF3BF1-59B8-431D-A81F-8452535EA433}"
EndProject
Global
	GlobalSection(SolutionConfigurationPlatforms) = preSolution
		Debug|Any CPU = Debug|Any CPU
		Release|Any CPU = Release|Any CPU
	EndGlobalSection
	GlobalSection(ProjectConfigurationPlatforms) = postSolution
		{59F40E7C-B656-4E47-9CCC-81F7AB436B32}.Debug|Any CPU.ActiveCfg = Debug|Any CPU
		{59F40E7C-B656-4E47-9CCC-81F7AB436B32}.Debug|Any CPU.Build.0 = Debug|Any CPU
		{59F40E7C-B656-4E47-9CCC-81F7AB436B32}.Release|Any CPU.ActiveCfg = Release|Any CPU
		{59F40E7C-B656-4E47-9CCC-81F7AB436B32}.Release|Any CPU.Build.0 = Release|Any CPU
		{638B445E-40CD-432F-9CA7-CED3B4752400}.Debug|Any CPU.ActiveCfg = Debug|Any CPU
		{638B445E-40CD-432F-9CA7-CED3B4752400}.Debug|Any CPU.Build.0 = Debug|Any CPU
		{638B445E-40CD-432F-9CA7-CED3B4752400}.Release|Any CPU.ActiveCfg = Release|Any CPU
		{638B445E-40CD-432F-9CA7-CED3B4752400}.Release|Any CPU.Build.0 = Release|Any CPU
		{3FBF3BF1-59B8-431D-A81F-8452535EA433}.Debug|Any CPU.ActiveCfg = Debug|Any CPU
		{3FBF3BF1-59B8-431D-A81F-8452535EA433}.Debug|Any CPU.Build.0 = Debug|Any CPU
		{3FBF3BF1-59B8-431D-A81F-8452535EA433}.Release|Any CPU.ActiveCfg = Release|Any CPU
		{3FBF3BF1-59B8-431D-A81F-8452535EA433}.Release|Any CPU.Build.0 = Release|Any CPU
	EndGlobalSection
	GlobalSection(SolutionProperties) = preSolution
		HideSolutionNode = FALSE
	EndGlobalSection
	GlobalSection(ExtensibilityGlobals) = postSolution
		SolutionGuid = {265CE8C2-17CE-4EB0-A199-3928CA14A776}
	EndGlobalSection
EndGlobal
